// !$*UTF8*$!
{
	archiveVersion = 1;
	classes = {
	};
	objectVersion = 46;
	objects = {

/* Begin PBXBuildFile section */
		0AFD45A81DD61A30006DAB0B /* Player.swift in Sources */ = {isa = PBXBuildFile; fileRef = 0AFD45A51DD61A30006DAB0B /* Player.swift */; };
		0AFD45A91DD61A30006DAB0B /* Play.swift in Sources */ = {isa = PBXBuildFile; fileRef = 0AFD45A61DD61A30006DAB0B /* Play.swift */; };
		0AFD45AE1DD61AB5006DAB0B /* fussballfeld-grid.jpg in Resources */ = {isa = PBXBuildFile; fileRef = 0AFD45AC1DD61AB5006DAB0B /* fussballfeld-grid.jpg */; };
		0AFD45AF1DD61AB5006DAB0B /* fussballfeld.jpg in Resources */ = {isa = PBXBuildFile; fileRef = 0AFD45AD1DD61AB5006DAB0B /* fussballfeld.jpg */; };
		590AD28F1DD7C74B00C583C3 /* Extensions.swift in Sources */ = {isa = PBXBuildFile; fileRef = 590AD28E1DD7C74B00C583C3 /* Extensions.swift */; };
		590AD2921DD7C78D00C583C3 /* JSONParser.swift in Sources */ = {isa = PBXBuildFile; fileRef = 590AD2911DD7C78D00C583C3 /* JSONParser.swift */; };
		590AD2961DD7CDDC00C583C3 /* Goal.swift in Sources */ = {isa = PBXBuildFile; fileRef = 590AD2951DD7CDDC00C583C3 /* Goal.swift */; };
		590AD2981DD7D6A300C583C3 /* Line.swift in Sources */ = {isa = PBXBuildFile; fileRef = 590AD2971DD7D6A300C583C3 /* Line.swift */; };
		590FF8C31E0325BE00DF3F33 /* Field.swift in Sources */ = {isa = PBXBuildFile; fileRef = 590FF8C21E0325BE00DF3F33 /* Field.swift */; };
		594DD4FD1DD8A2370059C9E8 /* PlayManager.swift in Sources */ = {isa = PBXBuildFile; fileRef = 594DD4FC1DD8A2370059C9E8 /* PlayManager.swift */; };
		59633A841E046DEF00F12C4A /* newFormat.json in Resources */ = {isa = PBXBuildFile; fileRef = 59633A831E046DEF00F12C4A /* newFormat.json */; };
		59F90B2B1DD5D55900A29BDA /* AppDelegate.swift in Sources */ = {isa = PBXBuildFile; fileRef = 59F90B2A1DD5D55900A29BDA /* AppDelegate.swift */; };
		59F90B2D1DD5D55900A29BDA /* ViewController.swift in Sources */ = {isa = PBXBuildFile; fileRef = 59F90B2C1DD5D55900A29BDA /* ViewController.swift */; };
		59F90B301DD5D55900A29BDA /* Main.storyboard in Resources */ = {isa = PBXBuildFile; fileRef = 59F90B2E1DD5D55900A29BDA /* Main.storyboard */; };
		59F90B321DD5D55900A29BDA /* Assets.xcassets in Resources */ = {isa = PBXBuildFile; fileRef = 59F90B311DD5D55900A29BDA /* Assets.xcassets */; };
		59F90B351DD5D55900A29BDA /* LaunchScreen.storyboard in Resources */ = {isa = PBXBuildFile; fileRef = 59F90B331DD5D55900A29BDA /* LaunchScreen.storyboard */; };
		59F90B3D1DD5D58100A29BDA /* goals.json in Resources */ = {isa = PBXBuildFile; fileRef = 59F90B3C1DD5D58100A29BDA /* goals.json */; };
/* End PBXBuildFile section */

/* Begin PBXFileReference section */
		0AFD45A51DD61A30006DAB0B /* Player.swift */ = {isa = PBXFileReference; fileEncoding = 4; lastKnownFileType = sourcecode.swift; path = Player.swift; sourceTree = "<group>"; };
		0AFD45A61DD61A30006DAB0B /* Play.swift */ = {isa = PBXFileReference; fileEncoding = 4; lastKnownFileType = sourcecode.swift; path = Play.swift; sourceTree = "<group>"; };
		0AFD45AC1DD61AB5006DAB0B /* fussballfeld-grid.jpg */ = {isa = PBXFileReference; lastKnownFileType = image.jpeg; path = "fussballfeld-grid.jpg"; sourceTree = "<group>"; };
		0AFD45AD1DD61AB5006DAB0B /* fussballfeld.jpg */ = {isa = PBXFileReference; lastKnownFileType = image.jpeg; path = fussballfeld.jpg; sourceTree = "<group>"; };
		590AD28E1DD7C74B00C583C3 /* Extensions.swift */ = {isa = PBXFileReference; fileEncoding = 4; lastKnownFileType = sourcecode.swift; path = Extensions.swift; sourceTree = "<group>"; };
		590AD2911DD7C78D00C583C3 /* JSONParser.swift */ = {isa = PBXFileReference; fileEncoding = 4; lastKnownFileType = sourcecode.swift; path = JSONParser.swift; sourceTree = "<group>"; };
		590AD2951DD7CDDC00C583C3 /* Goal.swift */ = {isa = PBXFileReference; fileEncoding = 4; lastKnownFileType = sourcecode.swift; path = Goal.swift; sourceTree = "<group>"; };
		590AD2971DD7D6A300C583C3 /* Line.swift */ = {isa = PBXFileReference; fileEncoding = 4; lastKnownFileType = sourcecode.swift; path = Line.swift; sourceTree = "<group>"; };
		590FF8C21E0325BE00DF3F33 /* Field.swift */ = {isa = PBXFileReference; fileEncoding = 4; lastKnownFileType = sourcecode.swift; path = Field.swift; sourceTree = "<group>"; };
		594DD4FC1DD8A2370059C9E8 /* PlayManager.swift */ = {isa = PBXFileReference; fileEncoding = 4; lastKnownFileType = sourcecode.swift; path = PlayManager.swift; sourceTree = "<group>"; };
		59633A831E046DEF00F12C4A /* newFormat.json */ = {isa = PBXFileReference; fileEncoding = 4; lastKnownFileType = text.json; path = newFormat.json; sourceTree = "<group>"; };
		59F90B271DD5D55900A29BDA /* FootballKit.app */ = {isa = PBXFileReference; explicitFileType = wrapper.application; includeInIndex = 0; path = FootballKit.app; sourceTree = BUILT_PRODUCTS_DIR; };
		59F90B2A1DD5D55900A29BDA /* AppDelegate.swift */ = {isa = PBXFileReference; lastKnownFileType = sourcecode.swift; path = AppDelegate.swift; sourceTree = "<group>"; };
		59F90B2C1DD5D55900A29BDA /* ViewController.swift */ = {isa = PBXFileReference; lastKnownFileType = sourcecode.swift; path = ViewController.swift; sourceTree = "<group>"; };
		59F90B2F1DD5D55900A29BDA /* Base */ = {isa = PBXFileReference; lastKnownFileType = file.storyboard; name = Base; path = Base.lproj/Main.storyboard; sourceTree = "<group>"; };
		59F90B311DD5D55900A29BDA /* Assets.xcassets */ = {isa = PBXFileReference; lastKnownFileType = folder.assetcatalog; name = Assets.xcassets; path = ../Assets.xcassets; sourceTree = "<group>"; };
		59F90B341DD5D55900A29BDA /* Base */ = {isa = PBXFileReference; lastKnownFileType = file.storyboard; name = Base; path = Base.lproj/LaunchScreen.storyboard; sourceTree = "<group>"; };
		59F90B361DD5D55900A29BDA /* Info.plist */ = {isa = PBXFileReference; lastKnownFileType = text.plist.xml; path = Info.plist; sourceTree = "<group>"; };
		59F90B3C1DD5D58100A29BDA /* goals.json */ = {isa = PBXFileReference; fileEncoding = 4; lastKnownFileType = text.json; path = goals.json; sourceTree = "<group>"; };
/* End PBXFileReference section */

/* Begin PBXFrameworksBuildPhase section */
		59F90B241DD5D55900A29BDA /* Frameworks */ = {
			isa = PBXFrameworksBuildPhase;
			buildActionMask = 2147483647;
			files = (
			);
			runOnlyForDeploymentPostprocessing = 0;
		};
/* End PBXFrameworksBuildPhase section */

/* Begin PBXGroup section */
		0AFD45AA1DD61A42006DAB0B /* Models */ = {
			isa = PBXGroup;
			children = (
				590AD2951DD7CDDC00C583C3 /* Goal.swift */,
				0AFD45A51DD61A30006DAB0B /* Player.swift */,
				0AFD45A61DD61A30006DAB0B /* Play.swift */,
				590AD2971DD7D6A300C583C3 /* Line.swift */,
			);
			name = Models;
			sourceTree = "<group>";
		};
		0AFD45AB1DD61AB5006DAB0B /* Assets */ = {
			isa = PBXGroup;
			children = (
				59F90B311DD5D55900A29BDA /* Assets.xcassets */,
				0AFD45AC1DD61AB5006DAB0B /* fussballfeld-grid.jpg */,
				0AFD45AD1DD61AB5006DAB0B /* fussballfeld.jpg */,
			);
			name = Assets;
			path = images;
			sourceTree = "<group>";
		};
		590AD28D1DD7C73C00C583C3 /* Extensions */ = {
			isa = PBXGroup;
			children = (
				590AD28E1DD7C74B00C583C3 /* Extensions.swift */,
			);
			name = Extensions;
			sourceTree = "<group>";
		};
		590AD2901DD7C76A00C583C3 /* Components */ = {
			isa = PBXGroup;
			children = (
				590AD2911DD7C78D00C583C3 /* JSONParser.swift */,
				594DD4FC1DD8A2370059C9E8 /* PlayManager.swift */,
				590FF8C21E0325BE00DF3F33 /* Field.swift */,
			);
			name = Components;
			sourceTree = "<group>";
		};
		59F90B1E1DD5D55900A29BDA = {
			isa = PBXGroup;
			children = (
				59F90B291DD5D55900A29BDA /* FootballKit */,
				59F90B281DD5D55900A29BDA /* Products */,
			);
			sourceTree = "<group>";
		};
		59F90B281DD5D55900A29BDA /* Products */ = {
			isa = PBXGroup;
			children = (
				59F90B271DD5D55900A29BDA /* FootballKit.app */,
			);
			name = Products;
			sourceTree = "<group>";
		};
		59F90B291DD5D55900A29BDA /* FootballKit */ = {
			isa = PBXGroup;
			children = (
				590AD2901DD7C76A00C583C3 /* Components */,
				590AD28D1DD7C73C00C583C3 /* Extensions */,
				0AFD45AB1DD61AB5006DAB0B /* Assets */,
				0AFD45AA1DD61A42006DAB0B /* Models */,
				59F90B2A1DD5D55900A29BDA /* AppDelegate.swift */,
				59F90B2C1DD5D55900A29BDA /* ViewController.swift */,
				59F90B2E1DD5D55900A29BDA /* Main.storyboard */,
				59F90B331DD5D55900A29BDA /* LaunchScreen.storyboard */,
				59F90B361DD5D55900A29BDA /* Info.plist */,
				59F90B3C1DD5D58100A29BDA /* goals.json */,
				59633A831E046DEF00F12C4A /* newFormat.json */,
			);
			path = FootballKit;
			sourceTree = "<group>";
		};
/* End PBXGroup section */

/* Begin PBXNativeTarget section */
		59F90B261DD5D55900A29BDA /* FootballKit */ = {
			isa = PBXNativeTarget;
			buildConfigurationList = 59F90B391DD5D55900A29BDA /* Build configuration list for PBXNativeTarget "FootballKit" */;
			buildPhases = (
				59F90B231DD5D55900A29BDA /* Sources */,
				59F90B241DD5D55900A29BDA /* Frameworks */,
				59F90B251DD5D55900A29BDA /* Resources */,
			);
			buildRules = (
			);
			dependencies = (
			);
			name = FootballKit;
			productName = FootballAnimation;
			productReference = 59F90B271DD5D55900A29BDA /* FootballKit.app */;
			productType = "com.apple.product-type.application";
		};
/* End PBXNativeTarget section */

/* Begin PBXProject section */
		59F90B1F1DD5D55900A29BDA /* Project object */ = {
			isa = PBXProject;
			attributes = {
				LastSwiftUpdateCheck = 0820;
				LastUpgradeCheck = 0820;
				ORGANIZATIONNAME = NSMyself;
				TargetAttributes = {
					59F90B261DD5D55900A29BDA = {
						CreatedOnToolsVersion = 8.2;
						DevelopmentTeam = UP6QXSY3FS;
						ProvisioningStyle = Automatic;
					};
				};
			};
			buildConfigurationList = 59F90B221DD5D55900A29BDA /* Build configuration list for PBXProject "FootballKit" */;
			compatibilityVersion = "Xcode 3.2";
			developmentRegion = English;
			hasScannedForEncodings = 0;
			knownRegions = (
				en,
				Base,
			);
			mainGroup = 59F90B1E1DD5D55900A29BDA;
			productRefGroup = 59F90B281DD5D55900A29BDA /* Products */;
			projectDirPath = "";
			projectRoot = "";
			targets = (
				59F90B261DD5D55900A29BDA /* FootballKit */,
			);
		};
/* End PBXProject section */

/* Begin PBXResourcesBuildPhase section */
		59F90B251DD5D55900A29BDA /* Resources */ = {
			isa = PBXResourcesBuildPhase;
			buildActionMask = 2147483647;
			files = (
				59F90B3D1DD5D58100A29BDA /* goals.json in Resources */,
				59633A841E046DEF00F12C4A /* newFormat.json in Resources */,
				59F90B351DD5D55900A29BDA /* LaunchScreen.storyboard in Resources */,
				0AFD45AF1DD61AB5006DAB0B /* fussballfeld.jpg in Resources */,
				0AFD45AE1DD61AB5006DAB0B /* fussballfeld-grid.jpg in Resources */,
				59F90B321DD5D55900A29BDA /* Assets.xcassets in Resources */,
				59F90B301DD5D55900A29BDA /* Main.storyboard in Resources */,
			);
			runOnlyForDeploymentPostprocessing = 0;
		};
/* End PBXResourcesBuildPhase section */

/* Begin PBXSourcesBuildPhase section */
		59F90B231DD5D55900A29BDA /* Sources */ = {
			isa = PBXSourcesBuildPhase;
			buildActionMask = 2147483647;
			files = (
				590AD2961DD7CDDC00C583C3 /* Goal.swift in Sources */,
				0AFD45A81DD61A30006DAB0B /* Player.swift in Sources */,
				590AD28F1DD7C74B00C583C3 /* Extensions.swift in Sources */,
				590AD2921DD7C78D00C583C3 /* JSONParser.swift in Sources */,
				59F90B2D1DD5D55900A29BDA /* ViewController.swift in Sources */,
				590AD2981DD7D6A300C583C3 /* Line.swift in Sources */,
				594DD4FD1DD8A2370059C9E8 /* PlayManager.swift in Sources */,
				0AFD45A91DD61A30006DAB0B /* Play.swift in Sources */,
				59F90B2B1DD5D55900A29BDA /* AppDelegate.swift in Sources */,
				590FF8C31E0325BE00DF3F33 /* Field.swift in Sources */,
			);
			runOnlyForDeploymentPostprocessing = 0;
		};
/* End PBXSourcesBuildPhase section */

/* Begin PBXVariantGroup section */
		59F90B2E1DD5D55900A29BDA /* Main.storyboard */ = {
			isa = PBXVariantGroup;
			children = (
				59F90B2F1DD5D55900A29BDA /* Base */,
			);
			name = Main.storyboard;
			sourceTree = "<group>";
		};
		59F90B331DD5D55900A29BDA /* LaunchScreen.storyboard */ = {
			isa = PBXVariantGroup;
			children = (
				59F90B341DD5D55900A29BDA /* Base */,
			);
			name = LaunchScreen.storyboard;
			sourceTree = "<group>";
		};
/* End PBXVariantGroup section */

/* Begin XCBuildConfiguration section */
		59F90B371DD5D55900A29BDA /* Debug */ = {
			isa = XCBuildConfiguration;
			buildSettings = {
				ALWAYS_SEARCH_USER_PATHS = NO;
				CLANG_ANALYZER_NONNULL = YES;
				CLANG_CXX_LANGUAGE_STANDARD = "gnu++0x";
				CLANG_CXX_LIBRARY = "libc++";
				CLANG_ENABLE_MODULES = YES;
				CLANG_ENABLE_OBJC_ARC = YES;
				CLANG_WARN_BOOL_CONVERSION = YES;
				CLANG_WARN_CONSTANT_CONVERSION = YES;
				CLANG_WARN_DIRECT_OBJC_ISA_USAGE = YES_ERROR;
				CLANG_WARN_DOCUMENTATION_COMMENTS = YES;
				CLANG_WARN_EMPTY_BODY = YES;
				CLANG_WARN_ENUM_CONVERSION = YES;
				CLANG_WARN_INFINITE_RECURSION = YES;
				CLANG_WARN_INT_CONVERSION = YES;
				CLANG_WARN_OBJC_ROOT_CLASS = YES_ERROR;
				CLANG_WARN_SUSPICIOUS_MOVE = YES;
				CLANG_WARN_UNREACHABLE_CODE = YES;
				CLANG_WARN__DUPLICATE_METHOD_MATCH = YES;
				"CODE_SIGN_IDENTITY[sdk=iphoneos*]" = "iPhone Developer";
				COPY_PHASE_STRIP = NO;
				DEBUG_INFORMATION_FORMAT = dwarf;
				ENABLE_STRICT_OBJC_MSGSEND = YES;
				ENABLE_TESTABILITY = YES;
				GCC_C_LANGUAGE_STANDARD = gnu99;
				GCC_DYNAMIC_NO_PIC = NO;
				GCC_NO_COMMON_BLOCKS = YES;
				GCC_OPTIMIZATION_LEVEL = 0;
				GCC_PREPROCESSOR_DEFINITIONS = (
					"DEBUG=1",
					"$(inherited)",
				);
				GCC_WARN_64_TO_32_BIT_CONVERSION = YES;
				GCC_WARN_ABOUT_RETURN_TYPE = YES_ERROR;
				GCC_WARN_UNDECLARED_SELECTOR = YES;
				GCC_WARN_UNINITIALIZED_AUTOS = YES_AGGRESSIVE;
				GCC_WARN_UNUSED_FUNCTION = YES;
				GCC_WARN_UNUSED_VARIABLE = YES;
				IPHONEOS_DEPLOYMENT_TARGET = 10.2;
				MTL_ENABLE_DEBUG_INFO = YES;
				ONLY_ACTIVE_ARCH = YES;
				SDKROOT = iphoneos;
				SWIFT_ACTIVE_COMPILATION_CONDITIONS = DEBUG;
				SWIFT_OPTIMIZATION_LEVEL = "-Onone";
				TARGETED_DEVICE_FAMILY = 2;
			};
			name = Debug;
		};
		59F90B381DD5D55900A29BDA /* Release */ = {
			isa = XCBuildConfiguration;
			buildSettings = {
				ALWAYS_SEARCH_USER_PATHS = NO;
				CLANG_ANALYZER_NONNULL = YES;
				CLANG_CXX_LANGUAGE_STANDARD = "gnu++0x";
				CLANG_CXX_LIBRARY = "libc++";
				CLANG_ENABLE_MODULES = YES;
				CLANG_ENABLE_OBJC_ARC = YES;
				CLANG_WARN_BOOL_CONVERSION = YES;
				CLANG_WARN_CONSTANT_CONVERSION = YES;
				CLANG_WARN_DIRECT_OBJC_ISA_USAGE = YES_ERROR;
				CLANG_WARN_DOCUMENTATION_COMMENTS = YES;
				CLANG_WARN_EMPTY_BODY = YES;
				CLANG_WARN_ENUM_CONVERSION = YES;
				CLANG_WARN_INFINITE_RECURSION = YES;
				CLANG_WARN_INT_CONVERSION = YES;
				CLANG_WARN_OBJC_ROOT_CLASS = YES_ERROR;
				CLANG_WARN_SUSPICIOUS_MOVE = YES;
				CLANG_WARN_UNREACHABLE_CODE = YES;
				CLANG_WARN__DUPLICATE_METHOD_MATCH = YES;
				"CODE_SIGN_IDENTITY[sdk=iphoneos*]" = "iPhone Developer";
				COPY_PHASE_STRIP = NO;
				DEBUG_INFORMATION_FORMAT = "dwarf-with-dsym";
				ENABLE_NS_ASSERTIONS = NO;
				ENABLE_STRICT_OBJC_MSGSEND = YES;
				GCC_C_LANGUAGE_STANDARD = gnu99;
				GCC_NO_COMMON_BLOCKS = YES;
				GCC_WARN_64_TO_32_BIT_CONVERSION = YES;
				GCC_WARN_ABOUT_RETURN_TYPE = YES_ERROR;
				GCC_WARN_UNDECLARED_SELECTOR = YES;
				GCC_WARN_UNINITIALIZED_AUTOS = YES_AGGRESSIVE;
				GCC_WARN_UNUSED_FUNCTION = YES;
				GCC_WARN_UNUSED_VARIABLE = YES;
				IPHONEOS_DEPLOYMENT_TARGET = 10.2;
				MTL_ENABLE_DEBUG_INFO = NO;
				SDKROOT = iphoneos;
				SWIFT_OPTIMIZATION_LEVEL = "-Owholemodule";
				TARGETED_DEVICE_FAMILY = 2;
				VALIDATE_PRODUCT = YES;
			};
			name = Release;
		};
		59F90B3A1DD5D55900A29BDA /* Debug */ = {
			isa = XCBuildConfiguration;
			buildSettings = {
				ASSETCATALOG_COMPILER_APPICON_NAME = AppIcon;
				DEVELOPMENT_TEAM = UP6QXSY3FS;
				INFOPLIST_FILE = FootballKit/Info.plist;
				IPHONEOS_DEPLOYMENT_TARGET = 10.1;
				LD_RUNPATH_SEARCH_PATHS = "$(inherited) @executable_path/Frameworks";
				PRODUCT_BUNDLE_IDENTIFIER = com.nsmyself.FootballKit;
				PRODUCT_NAME = "$(TARGET_NAME)";
				SWIFT_VERSION = 3.0;
			};
			name = Debug;
		};
		59F90B3B1DD5D55900A29BDA /* Release */ = {
			isa = XCBuildConfiguration;
			buildSettings = {
				ASSETCATALOG_COMPILER_APPICON_NAME = AppIcon;
				DEVELOPMENT_TEAM = UP6QXSY3FS;
				INFOPLIST_FILE = FootballKit/Info.plist;
				IPHONEOS_DEPLOYMENT_TARGET = 10.1;
				LD_RUNPATH_SEARCH_PATHS = "$(inherited) @executable_path/Frameworks";
				PRODUCT_BUNDLE_IDENTIFIER = com.nsmyself.FootballKit;
				PRODUCT_NAME = "$(TARGET_NAME)";
				SWIFT_VERSION = 3.0;
			};
			name = Release;
		};
/* End XCBuildConfiguration section */

/* Begin XCConfigurationList section */
		59F90B221DD5D55900A29BDA /* Build configuration list for PBXProject "FootballKit" */ = {
			isa = XCConfigurationList;
			buildConfigurations = (
				59F90B371DD5D55900A29BDA /* Debug */,
				59F90B381DD5D55900A29BDA /* Release */,
			);
			defaultConfigurationIsVisible = 0;
			defaultConfigurationName = Release;
		};
		59F90B391DD5D55900A29BDA /* Build configuration list for PBXNativeTarget "FootballKit" */ = {
			isa = XCConfigurationList;
			buildConfigurations = (
				59F90B3A1DD5D55900A29BDA /* Debug */,
				59F90B3B1DD5D55900A29BDA /* Release */,
			);
			defaultConfigurationIsVisible = 0;
			defaultConfigurationName = Release;
		};
/* End XCConfigurationList section */
	};
	rootObject = 59F90B1F1DD5D55900A29BDA /* Project object */;
}
